
Microsoft Visual Studio Solution File, Format Version 12.00
# Visual Studio Version 17
VisualStudioVersion = 17.3.32825.248
MinimumVisualStudioVersion = 10.0.40219.1
Project("{9A19103F-16F7-4668-BE54-9A1E7A4F7556}") = "RabbitMq.Producer", "RabbitMq.Producer\RabbitMq.Producer.csproj", "{E2E8DDA4-29B6-4EB2-86A6-465AF20F8483}"
EndProject
Project("{9A19103F-16F7-4668-BE54-9A1E7A4F7556}") = "RabbitMq.Consumer", "RabbitMq.Consumer\RabbitMq.Consumer.csproj", "{3F8E8837-2601-45DA-8E5D-94D358004534}"
EndProject
Project("{9A19103F-16F7-4668-BE54-9A1E7A4F7556}") = "RabbitMq.Common", "RabbitMq.Common\RabbitMq.Common.csproj", "{9FB76127-56AA-41A9-95B5-905ABB25BC91}"
EndProject
Project("{2150E333-8FDC-42A3-9474-1A3956D46DE8}") = "Deployment", "Deployment", "{4132B23F-5293-4F2E-BE6D-270960CC6EB5}"
	ProjectSection(SolutionItems) = preProject
		..\..\..\tgir-S01E06\s01\e05\k8s\persistentvolumeclaim.yml = ..\..\..\tgir-S01E06\s01\e05\k8s\persistentvolumeclaim.yml
		C:\Users\pranav.patel\Desktop\Rabbitmq\deploymentold.yaml = C:\Users\pranav.patel\Desktop\Rabbitmq\deploymentold.yaml
		..\..\..\tgir-S01E06\s01\e05\k8s\service.yml = ..\..\..\tgir-S01E06\s01\e05\k8s\service.yml
		..\..\..\tgir-S01E06\s01\e05\k8s\statefulset.yml = ..\..\..\tgir-S01E06\s01\e05\k8s\statefulset.yml
		C:\Users\pranav.patel\Desktop\Rabbitmq\serviceold.yaml = C:\Users\pranav.patel\Desktop\Rabbitmq\serviceold.yaml
	EndProjectSection
EndProject
Global
	GlobalSection(SolutionConfigurationPlatforms) = preSolution
		Debug|Any CPU = Debug|Any CPU
		Release|Any CPU = Release|Any CPU
	EndGlobalSection
	GlobalSection(ProjectConfigurationPlatforms) = postSolution
		{E2E8DDA4-29B6-4EB2-86A6-465AF20F8483}.Debug|Any CPU.ActiveCfg = Debug|Any CPU
		{E2E8DDA4-29B6-4EB2-86A6-465AF20F8483}.Debug|Any CPU.Build.0 = Debug|Any CPU
		{E2E8DDA4-29B6-4EB2-86A6-465AF20F8483}.Release|Any CPU.ActiveCfg = Release|Any CPU
		{E2E8DDA4-29B6-4EB2-86A6-465AF20F8483}.Release|Any CPU.Build.0 = Release|Any CPU
		{3F8E8837-2601-45DA-8E5D-94D358004534}.Debug|Any CPU.ActiveCfg = Debug|Any CPU
		{3F8E8837-2601-45DA-8E5D-94D358004534}.Debug|Any CPU.Build.0 = Debug|Any CPU
		{3F8E8837-2601-45DA-8E5D-94D358004534}.Release|Any CPU.ActiveCfg = Release|Any CPU
		{3F8E8837-2601-45DA-8E5D-94D358004534}.Release|Any CPU.Build.0 = Release|Any CPU
		{9FB76127-56AA-41A9-95B5-905ABB25BC91}.Debug|Any CPU.ActiveCfg = Debug|Any CPU
		{9FB76127-56AA-41A9-95B5-905ABB25BC91}.Debug|Any CPU.Build.0 = Debug|Any CPU
		{9FB76127-56AA-41A9-95B5-905ABB25BC91}.Release|Any CPU.ActiveCfg = Release|Any CPU
		{9FB76127-56AA-41A9-95B5-905ABB25BC91}.Release|Any CPU.Build.0 = Release|Any CPU
	EndGlobalSection
	GlobalSection(SolutionProperties) = preSolution
		HideSolutionNode = FALSE
	EndGlobalSection
	GlobalSection(ExtensibilityGlobals) = postSolution
		SolutionGuid = {6456D112-0CA6-462B-917A-50708F2423D1}
	EndGlobalSection
EndGlobal
